
Microsoft Visual Studio Solution File, Format Version 12.00
# Visual Studio Version 17
VisualStudioVersion = 17.6.33829.357
MinimumVisualStudioVersion = 10.0.40219.1
Project("{FAE04EC0-301F-11D3-BF4B-00C04F79EFBC}") = "Signalr", "Signalr\Signalr.csproj", "{1D8AA306-3775-4D7E-A5B3-4DF6D41F1809}"
EndProject
Global
	GlobalSection(SolutionConfigurationPlatforms) = preSolution
		Debug|Any CPU = Debug|Any CPU
		Release|Any CPU = Release|Any CPU
	EndGlobalSection
	GlobalSection(ProjectConfigurationPlatforms) = postSolution
		{1D8AA306-3775-4D7E-A5B3-4DF6D41F1809}.Debug|Any CPU.ActiveCfg = Debug|Any CPU
		{1D8AA306-3775-4D7E-A5B3-4DF6D41F1809}.Debug|Any CPU.Build.0 = Debug|Any CPU
		{1D8AA306-3775-4D7E-A5B3-4DF6D41F1809}.Release|Any CPU.ActiveCfg = Release|Any CPU
		{1D8AA306-3775-4D7E-A5B3-4DF6D41F1809}.Release|Any CPU.Build.0 = Release|Any CPU
	EndGlobalSection
	GlobalSection(SolutionProperties) = preSolution
		HideSolutionNode = FALSE
	EndGlobalSection
	GlobalSection(ExtensibilityGlobals) = postSolution
		SolutionGuid = {8296542E-A557-4F14-903B-AE4425F8F515}
	EndGlobalSection
EndGlobal
